
Microsoft Visual Studio Solution File, Format Version 12.00
# Visual Studio Version 16
VisualStudioVersion = 16.0.35325.158
MinimumVisualStudioVersion = 10.0.40219.1
Project("{FAE04EC0-301F-11D3-BF4B-00C04F79EFBC}") = "WW", "WW\WW.csproj", "{2256C3F3-2B4D-4765-96B8-C7DAAE6CE8B0}"
EndProject
Global
	GlobalSection(SolutionConfigurationPlatforms) = preSolution
		Debug|Any CPU = Debug|Any CPU
		Release|Any CPU = Release|Any CPU
	EndGlobalSection
	GlobalSection(ProjectConfigurationPlatforms) = postSolution
		{2256C3F3-2B4D-4765-96B8-C7DAAE6CE8B0}.Debug|Any CPU.ActiveCfg = Debug|Any CPU
		{2256C3F3-2B4D-4765-96B8-C7DAAE6CE8B0}.Debug|Any CPU.Build.0 = Debug|Any CPU
		{2256C3F3-2B4D-4765-96B8-C7DAAE6CE8B0}.Release|Any CPU.ActiveCfg = Release|Any CPU
		{2256C3F3-2B4D-4765-96B8-C7DAAE6CE8B0}.Release|Any CPU.Build.0 = Release|Any CPU
	EndGlobalSection
	GlobalSection(SolutionProperties) = preSolution
		HideSolutionNode = FALSE
	EndGlobalSection
	GlobalSection(ExtensibilityGlobals) = postSolution
		SolutionGuid = {3E655B73-98B0-4206-9D66-3E9EC9F08F51}
	EndGlobalSection
EndGlobal
